
Microsoft Visual Studio Solution File, Format Version 12.00
# Visual Studio Version 17
VisualStudioVersion = 17.4.33122.133
MinimumVisualStudioVersion = 10.0.40219.1
Project("{FAE04EC0-301F-11D3-BF4B-00C04F79EFBC}") = "Publisher", "Publisher\Publisher.csproj", "{68AE9673-22CC-4511-BE30-65D256E2D071}"
EndProject
Project("{FAE04EC0-301F-11D3-BF4B-00C04F79EFBC}") = "Subscribe", "Subscribe\Subscribe.csproj", "{33F96FCE-67A6-481A-ACFA-C300F18238B8}"
EndProject
Global
	GlobalSection(SolutionConfigurationPlatforms) = preSolution
		Debug|Any CPU = Debug|Any CPU
		Release|Any CPU = Release|Any CPU
	EndGlobalSection
	GlobalSection(ProjectConfigurationPlatforms) = postSolution
		{68AE9673-22CC-4511-BE30-65D256E2D071}.Debug|Any CPU.ActiveCfg = Debug|Any CPU
		{68AE9673-22CC-4511-BE30-65D256E2D071}.Debug|Any CPU.Build.0 = Debug|Any CPU
		{68AE9673-22CC-4511-BE30-65D256E2D071}.Release|Any CPU.ActiveCfg = Release|Any CPU
		{68AE9673-22CC-4511-BE30-65D256E2D071}.Release|Any CPU.Build.0 = Release|Any CPU
		{33F96FCE-67A6-481A-ACFA-C300F18238B8}.Debug|Any CPU.ActiveCfg = Debug|Any CPU
		{33F96FCE-67A6-481A-ACFA-C300F18238B8}.Debug|Any CPU.Build.0 = Debug|Any CPU
		{33F96FCE-67A6-481A-ACFA-C300F18238B8}.Release|Any CPU.ActiveCfg = Release|Any CPU
		{33F96FCE-67A6-481A-ACFA-C300F18238B8}.Release|Any CPU.Build.0 = Release|Any CPU
	EndGlobalSection
	GlobalSection(SolutionProperties) = preSolution
		HideSolutionNode = FALSE
	EndGlobalSection
	GlobalSection(ExtensibilityGlobals) = postSolution
		SolutionGuid = {383D7DE0-D616-42D2-BFFF-74F6984C09CB}
	EndGlobalSection
EndGlobal
